{
  "name": "ethsigner-vault",
  "version": "0.1.0",
  "lockfileVersion": 1,
  "requires": true,
  "dependencies": {
    "prettier-config-standard": {
      "version": "1.0.1",
      "resolved": "https://registry.npmjs.org/prettier-config-standard/-/prettier-config-standard-1.0.1.tgz",
      "integrity": "sha512-S0zuixvAFlc0zruhYEDMsjt2VG/e5S5hSbqGuxTMWA0ygjII8EP9U7c/wsCQyjjAoaYG82bUsVmaSQ6veQ+u6g==",
      "dev": true
    }
  }
}
